
Microsoft Visual Studio Solution File, Format Version 12.00
# Visual Studio Version 17
VisualStudioVersion = 17.7.34031.279
MinimumVisualStudioVersion = 10.0.40219.1
Project("{FAE04EC0-301F-11D3-BF4B-00C04F79EFBC}") = "OliSaude.Domain", "OliSaude.Domain\OliSaude.Domain.csproj", "{D57F79B2-F622-4169-B23C-4FFD250B0EE4}"
EndProject
Project("{FAE04EC0-301F-11D3-BF4B-00C04F79EFBC}") = "OliSaude.Application", "OliSaude.Application\OliSaude.Application.csproj", "{1B2FB43A-53BD-4FAC-BC09-2E8A743B1E6F}"
EndProject
Global
	GlobalSection(SolutionConfigurationPlatforms) = preSolution
		Debug|Any CPU = Debug|Any CPU
		Release|Any CPU = Release|Any CPU
	EndGlobalSection
	GlobalSection(ProjectConfigurationPlatforms) = postSolution
		{D57F79B2-F622-4169-B23C-4FFD250B0EE4}.Debug|Any CPU.ActiveCfg = Debug|Any CPU
		{D57F79B2-F622-4169-B23C-4FFD250B0EE4}.Debug|Any CPU.Build.0 = Debug|Any CPU
		{D57F79B2-F622-4169-B23C-4FFD250B0EE4}.Release|Any CPU.ActiveCfg = Release|Any CPU
		{D57F79B2-F622-4169-B23C-4FFD250B0EE4}.Release|Any CPU.Build.0 = Release|Any CPU
		{1B2FB43A-53BD-4FAC-BC09-2E8A743B1E6F}.Debug|Any CPU.ActiveCfg = Debug|Any CPU
		{1B2FB43A-53BD-4FAC-BC09-2E8A743B1E6F}.Debug|Any CPU.Build.0 = Debug|Any CPU
		{1B2FB43A-53BD-4FAC-BC09-2E8A743B1E6F}.Release|Any CPU.ActiveCfg = Release|Any CPU
		{1B2FB43A-53BD-4FAC-BC09-2E8A743B1E6F}.Release|Any CPU.Build.0 = Release|Any CPU
	EndGlobalSection
	GlobalSection(SolutionProperties) = preSolution
		HideSolutionNode = FALSE
	EndGlobalSection
	GlobalSection(ExtensibilityGlobals) = postSolution
		SolutionGuid = {D0547902-8B4C-46CB-8BCC-8B64D8F84653}
	EndGlobalSection
EndGlobal
